// !$*UTF8*$!
{
	archiveVersion = 1;
	classes = {
	};
	objectVersion = 46;
	objects = {

/* Begin PBXBuildFile section */
		01F6BF2D442DBB5D0DA2A7E1 /* Pods_Kairos.framework in Frameworks */ = {isa = PBXBuildFile; fileRef = 07C48A9B6F70D6FD5B0F52CF /* Pods_Kairos.framework */; };
		7EC8C50412FB335B18CC9ED4 /* Pods_KairosTests.framework in Frameworks */ = {isa = PBXBuildFile; fileRef = 079B844B84C39AB6C294AC82 /* Pods_KairosTests.framework */; };
		DA0019061D9FEDEC00CA11F5 /* FriendManager.swift in Sources */ = {isa = PBXBuildFile; fileRef = DA0019051D9FEDEC00CA11F5 /* FriendManager.swift */; };
		DA0A75E11DA68242001881D0 /* Assets.xcassets in Resources */ = {isa = PBXBuildFile; fileRef = DA0A75E01DA68242001881D0 /* Assets.xcassets */; };
		DA11A9F61D986A6700218FF3 /* RequestManager.swift in Sources */ = {isa = PBXBuildFile; fileRef = DA11A9F51D986A6700218FF3 /* RequestManager.swift */; };
		DA11A9F81D9872D400218FF3 /* ModalSearchSegue.swift in Sources */ = {isa = PBXBuildFile; fileRef = DA11A9F71D9872D400218FF3 /* ModalSearchSegue.swift */; };
		DA1874571CDB7375008E7C38 /* EventTitleTableViewCell.swift in Sources */ = {isa = PBXBuildFile; fileRef = DA1874561CDB7375008E7C38 /* EventTitleTableViewCell.swift */; };
		DA1874591CDB738B008E7C38 /* EventLocationTableViewCell.swift in Sources */ = {isa = PBXBuildFile; fileRef = DA1874581CDB738B008E7C38 /* EventLocationTableViewCell.swift */; };
		DA18745B1CDB73AF008E7C38 /* EventStartDateTableViewCell.swift in Sources */ = {isa = PBXBuildFile; fileRef = DA18745A1CDB73AF008E7C38 /* EventStartDateTableViewCell.swift */; };
		DA18745D1CDB73BE008E7C38 /* EventEndDateTableViewCell.swift in Sources */ = {isa = PBXBuildFile; fileRef = DA18745C1CDB73BE008E7C38 /* EventEndDateTableViewCell.swift */; };
		DA18745F1CDB78A9008E7C38 /* EventNotesTableViewCell.swift in Sources */ = {isa = PBXBuildFile; fileRef = DA18745E1CDB78A9008E7C38 /* EventNotesTableViewCell.swift */; };
		DA1874611CDB8029008E7C38 /* BaseEventTableViewCell.swift in Sources */ = {isa = PBXBuildFile; fileRef = DA1874601CDB8029008E7C38 /* BaseEventTableViewCell.swift */; };
		DA1D4BE11D84111C00B11AD1 /* CalendarFilterTableViewController.swift in Sources */ = {isa = PBXBuildFile; fileRef = DA1D4BE01D84111C00B11AD1 /* CalendarFilterTableViewController.swift */; };
		DA1D4BE31D841F7E00B11AD1 /* CalendarTableViewController.swift in Sources */ = {isa = PBXBuildFile; fileRef = DA1D4BE21D841F7E00B11AD1 /* CalendarTableViewController.swift */; };
		DA1E11FF1D78440E0068207F /* SignOutViewController.swift in Sources */ = {isa = PBXBuildFile; fileRef = DA1E11FE1D78440E0068207F /* SignOutViewController.swift */; };
		DA1E12011D784AC90068207F /* EditProfileViewController.swift in Sources */ = {isa = PBXBuildFile; fileRef = DA1E12001D784AC90068207F /* EditProfileViewController.swift */; };
		DA23E6E71D76EBCE00B9D403 /* EventCalendarTableViewController.swift in Sources */ = {isa = PBXBuildFile; fileRef = DA23E6E61D76EBCE00B9D403 /* EventCalendarTableViewController.swift */; };
		DA31B7741D9514D9004D5E81 /* CalendarEditTableViewController.swift in Sources */ = {isa = PBXBuildFile; fileRef = DA31B7731D9514D9004D5E81 /* CalendarEditTableViewController.swift */; };
		DA3603C11CC26C3300A89B5A /* EventInfosTableViewCell.swift in Sources */ = {isa = PBXBuildFile; fileRef = DA3603C01CC26C3300A89B5A /* EventInfosTableViewCell.swift */; };
		DA3603C31CC26C4700A89B5A /* EventCalendarTableViewCell.swift in Sources */ = {isa = PBXBuildFile; fileRef = DA3603C21CC26C4700A89B5A /* EventCalendarTableViewCell.swift */; };
		DA3603C51CC26C5A00A89B5A /* EventDescriptionTableViewCell.swift in Sources */ = {isa = PBXBuildFile; fileRef = DA3603C41CC26C5A00A89B5A /* EventDescriptionTableViewCell.swift */; };
		DA3603C71CC26DA000A89B5A /* EventDetailsTableViewController.swift in Sources */ = {isa = PBXBuildFile; fileRef = DA3603C61CC26DA000A89B5A /* EventDetailsTableViewController.swift */; };
		DA3F3ACB1C9AEA5200E82FC6 /* LoadingViewController.swift in Sources */ = {isa = PBXBuildFile; fileRef = DA3F3ACA1C9AEA5200E82FC6 /* LoadingViewController.swift */; };
		DA3F3ACD1C9AF0D200E82FC6 /* Login.storyboard in Resources */ = {isa = PBXBuildFile; fileRef = DA3F3ACC1C9AF0D200E82FC6 /* Login.storyboard */; };
		DA3F3ACF1C9AFC2A00E82FC6 /* Common.swift in Sources */ = {isa = PBXBuildFile; fileRef = DA3F3ACE1C9AFC2A00E82FC6 /* Common.swift */; };
		DA3F3AD11C9B022400E82FC6 /* SignUpViewController.swift in Sources */ = {isa = PBXBuildFile; fileRef = DA3F3AD01C9B022400E82FC6 /* SignUpViewController.swift */; };
		DA3F3AD31C9B022F00E82FC6 /* SignInViewController.swift in Sources */ = {isa = PBXBuildFile; fileRef = DA3F3AD21C9B022F00E82FC6 /* SignInViewController.swift */; };
		DA3F3AD51C9B037600E82FC6 /* GetStartedViewController.swift in Sources */ = {isa = PBXBuildFile; fileRef = DA3F3AD41C9B037600E82FC6 /* GetStartedViewController.swift */; };
		DA52AAE31CD7EC5900464096 /* EventTableViewController.swift in Sources */ = {isa = PBXBuildFile; fileRef = DA52AAE21CD7EC5900464096 /* EventTableViewController.swift */; };
		DA5CDDE11D8ACF5000B406A1 /* CollaboratorTableViewCell.swift in Sources */ = {isa = PBXBuildFile; fileRef = DA5CDDDF1D8ACF5000B406A1 /* CollaboratorTableViewCell.swift */; };
		DA5CDDE21D8ACF5000B406A1 /* CollaboratorTableViewCell.xib in Resources */ = {isa = PBXBuildFile; fileRef = DA5CDDE01D8ACF5000B406A1 /* CollaboratorTableViewCell.xib */; };
		DA5CDDE41D8AD6FB00B406A1 /* CalendarNameTableViewCell.swift in Sources */ = {isa = PBXBuildFile; fileRef = DA5CDDE31D8AD6FB00B406A1 /* CalendarNameTableViewCell.swift */; };
		DA5CDDE61D8AD94100B406A1 /* CalendarDeleteTableViewCell.swift in Sources */ = {isa = PBXBuildFile; fileRef = DA5CDDE51D8AD94100B406A1 /* CalendarDeleteTableViewCell.swift */; };
		DA5CDDE81D8ADB0600B406A1 /* BaseCalendarTableViewCell.swift in Sources */ = {isa = PBXBuildFile; fileRef = DA5CDDE71D8ADB0600B406A1 /* BaseCalendarTableViewCell.swift */; };
		DA612CB41CA472F90027D7FB /* Profile.storyboard in Resources */ = {isa = PBXBuildFile; fileRef = DA612CB31CA472F90027D7FB /* Profile.storyboard */; };
		DA612CB81CA48B060027D7FB /* FriendsViewController.swift in Sources */ = {isa = PBXBuildFile; fileRef = DA612CB71CA48B060027D7FB /* FriendsViewController.swift */; };
		DA668F381CA4A40400230912 /* FriendTableViewCell.swift in Sources */ = {isa = PBXBuildFile; fileRef = DA668F361CA4A40400230912 /* FriendTableViewCell.swift */; };
		DA668F391CA4A40400230912 /* FriendTableViewCell.xib in Resources */ = {isa = PBXBuildFile; fileRef = DA668F371CA4A40400230912 /* FriendTableViewCell.xib */; };
		DA668F3B1CA4AD7800230912 /* FriendsRequestsTableViewController.swift in Sources */ = {isa = PBXBuildFile; fileRef = DA668F3A1CA4AD7800230912 /* FriendsRequestsTableViewController.swift */; };
		DA668F3E1CA4AEA000230912 /* InvitationTableViewCell.swift in Sources */ = {isa = PBXBuildFile; fileRef = DA668F3C1CA4AEA000230912 /* InvitationTableViewCell.swift */; };
		DA668F3F1CA4AEA000230912 /* InvitationTableViewCell.xib in Resources */ = {isa = PBXBuildFile; fileRef = DA668F3D1CA4AEA000230912 /* InvitationTableViewCell.xib */; };
		DA6853301CE25D6700B839F6 /* SentInvitationTableViewCell.swift in Sources */ = {isa = PBXBuildFile; fileRef = DA68532E1CE25D6700B839F6 /* SentInvitationTableViewCell.swift */; };
		DA6853311CE25D6700B839F6 /* SentInvitationTableViewCell.xib in Resources */ = {isa = PBXBuildFile; fileRef = DA68532F1CE25D6700B839F6 /* SentInvitationTableViewCell.xib */; };
		DA6853331CE25E2400B839F6 /* UserManager.swift in Sources */ = {isa = PBXBuildFile; fileRef = DA6853321CE25E2400B839F6 /* UserManager.swift */; };
		DA68533D1CE25E5E00B839F6 /* User-Info.plist in Resources */ = {isa = PBXBuildFile; fileRef = DA6853361CE25E5E00B839F6 /* User-Info.plist */; };
		DA68533E1CE25E5E00B839F6 /* Plist.swift in Sources */ = {isa = PBXBuildFile; fileRef = DA6853371CE25E5E00B839F6 /* Plist.swift */; };
		DA68533F1CE25E5E00B839F6 /* Event.swift in Sources */ = {isa = PBXBuildFile; fileRef = DA6853381CE25E5E00B839F6 /* Event.swift */; };
		DA6853401CE25E5E00B839F6 /* Calendar.swift in Sources */ = {isa = PBXBuildFile; fileRef = DA6853391CE25E5E00B839F6 /* Calendar.swift */; };
		DA6853411CE25E5E00B839F6 /* User.swift in Sources */ = {isa = PBXBuildFile; fileRef = DA68533A1CE25E5E00B839F6 /* User.swift */; };
		DA6853421CE25E5E00B839F6 /* Owner.swift in Sources */ = {isa = PBXBuildFile; fileRef = DA68533B1CE25E5E00B839F6 /* Owner.swift */; };
		DA6853431CE25E5E00B839F6 /* Friend.swift in Sources */ = {isa = PBXBuildFile; fileRef = DA68533C1CE25E5E00B839F6 /* Friend.swift */; };
		DA6853461CE260C200B839F6 /* Kairos.xcdatamodeld in Sources */ = {isa = PBXBuildFile; fileRef = DA6853441CE260C200B839F6 /* Kairos.xcdatamodeld */; };
		DA6853481CE2707600B839F6 /* RouterWrapper.swift in Sources */ = {isa = PBXBuildFile; fileRef = DA6853471CE2707600B839F6 /* RouterWrapper.swift */; };
		DA7912F91CEFCBF800661753 /* FriendActionPopoverTableViewController.swift in Sources */ = {isa = PBXBuildFile; fileRef = DA7912F71CEFCBF800661753 /* FriendActionPopoverTableViewController.swift */; };
		DA7912FD1CEFCDA100661753 /* BlockUserTableViewCell.swift in Sources */ = {isa = PBXBuildFile; fileRef = DA7912FB1CEFCDA100661753 /* BlockUserTableViewCell.swift */; };
		DA7912FE1CEFCDA100661753 /* BlockUserTableViewCell.xib in Resources */ = {isa = PBXBuildFile; fileRef = DA7912FC1CEFCDA100661753 /* BlockUserTableViewCell.xib */; };
		DA7913031CEFCF6E00661753 /* UnfriendTableViewCell.swift in Sources */ = {isa = PBXBuildFile; fileRef = DA7913011CEFCF6E00661753 /* UnfriendTableViewCell.swift */; };
		DA7913041CEFCF6E00661753 /* UnfriendTableViewCell.xib in Resources */ = {isa = PBXBuildFile; fileRef = DA7913021CEFCF6E00661753 /* UnfriendTableViewCell.xib */; };
		DA799DF71D9D0FF0003C27CE /* ProfileImagePickerTableViewCell.swift in Sources */ = {isa = PBXBuildFile; fileRef = DA799DF51D9D0FF0003C27CE /* ProfileImagePickerTableViewCell.swift */; };
		DA799DF81D9D0FF0003C27CE /* ProfileImagePickerTableViewCell.xib in Resources */ = {isa = PBXBuildFile; fileRef = DA799DF61D9D0FF0003C27CE /* ProfileImagePickerTableViewCell.xib */; };
		DA8326301CE3CCFF00C09F31 /* DataSync.swift in Sources */ = {isa = PBXBuildFile; fileRef = DA83262F1CE3CCFF00C09F31 /* DataSync.swift */; };
		DA8358C71CAB18A400CC9B29 /* CalendarViewController.swift in Sources */ = {isa = PBXBuildFile; fileRef = DA8358C61CAB18A400CC9B29 /* CalendarViewController.swift */; };
		DA847C2A1D14077300ED2750 /* Project.storyboard in Resources */ = {isa = PBXBuildFile; fileRef = DA847C291D14077300ED2750 /* Project.storyboard */; };
		DA851C961CAE99C50025E1D4 /* Calendar.storyboard in Resources */ = {isa = PBXBuildFile; fileRef = DA851C951CAE99C50025E1D4 /* Calendar.storyboard */; };
		DA8CA94B1D8CA295007E40FF /* UserCalendar.swift in Sources */ = {isa = PBXBuildFile; fileRef = DA8CA9421D8CA295007E40FF /* UserCalendar.swift */; };
		DA8CA94E1D8CA295007E40FF /* UserEvent.swift in Sources */ = {isa = PBXBuildFile; fileRef = DA8CA9451D8CA295007E40FF /* UserEvent.swift */; };
		DAA2D4791DA3079700D5E6A7 /* AddFriendsTableViewController.swift in Sources */ = {isa = PBXBuildFile; fileRef = DAA2D4781DA3079700D5E6A7 /* AddFriendsTableViewController.swift */; };
		DAA6B6B71D99CAD600D68016 /* CompleteProfileViewController.swift in Sources */ = {isa = PBXBuildFile; fileRef = DAA6B6B61D99CAD600D68016 /* CompleteProfileViewController.swift */; };
		DAA816601C9C207C00EF1560 /* GoogleService-Info.plist in Resources */ = {isa = PBXBuildFile; fileRef = DAA8165F1C9C207C00EF1560 /* GoogleService-Info.plist */; };
		DAAEE1581C9ABE1F00D53AEC /* AppDelegate.swift in Sources */ = {isa = PBXBuildFile; fileRef = DAAEE1571C9ABE1F00D53AEC /* AppDelegate.swift */; };
		DAAEE15D1C9ABE1F00D53AEC /* Main.storyboard in Resources */ = {isa = PBXBuildFile; fileRef = DAAEE15B1C9ABE1F00D53AEC /* Main.storyboard */; };
		DAAEE1701C9ABE1F00D53AEC /* KairosTests.swift in Sources */ = {isa = PBXBuildFile; fileRef = DAAEE16F1C9ABE1F00D53AEC /* KairosTests.swift */; };
		DAC801821CA1F0330092A717 /* SpinnerManager.swift in Sources */ = {isa = PBXBuildFile; fileRef = DAC801811CA1F0330092A717 /* SpinnerManager.swift */; };
		DAC801851CA3334D0092A717 /* Menu.storyboard in Resources */ = {isa = PBXBuildFile; fileRef = DAC801841CA3334D0092A717 /* Menu.storyboard */; };
		DAC801881CA346B70092A717 /* Settings.storyboard in Resources */ = {isa = PBXBuildFile; fileRef = DAC801871CA346B70092A717 /* Settings.storyboard */; };
		DAC8018C1CA353AF0092A717 /* Board.storyboard in Resources */ = {isa = PBXBuildFile; fileRef = DAC8018B1CA353AF0092A717 /* Board.storyboard */; };
		DAD51B941D982CF000A20376 /* Extentions+Former.swift in Sources */ = {isa = PBXBuildFile; fileRef = DAD51B931D982CF000A20376 /* Extentions+Former.swift */; };
		DADC45DC1D9FB69E003CC4D1 /* AccountSecurityTableViewController.swift in Sources */ = {isa = PBXBuildFile; fileRef = DADC45DB1D9FB69E003CC4D1 /* AccountSecurityTableViewController.swift */; };
		DADC45DE1D9FBD0D003CC4D1 /* ChangeEmailViewController.swift in Sources */ = {isa = PBXBuildFile; fileRef = DADC45DD1D9FBD0D003CC4D1 /* ChangeEmailViewController.swift */; };
		DADC45E01D9FBE0A003CC4D1 /* ChangePasswordViewController.swift in Sources */ = {isa = PBXBuildFile; fileRef = DADC45DF1D9FBE0A003CC4D1 /* ChangePasswordViewController.swift */; };
		DADD55E41CA60CE200C44D40 /* UserTableViewCell.swift in Sources */ = {isa = PBXBuildFile; fileRef = DADD55E21CA60CE200C44D40 /* UserTableViewCell.swift */; };
		DADD55E51CA60CE200C44D40 /* UserTableViewCell.xib in Resources */ = {isa = PBXBuildFile; fileRef = DADD55E31CA60CE200C44D40 /* UserTableViewCell.xib */; };
		DADF545B1D932C5100D0E092 /* ProfileTableViewController.swift in Sources */ = {isa = PBXBuildFile; fileRef = DADF545A1D932C5100D0E092 /* ProfileTableViewController.swift */; };
		DAE097741C9DF0FA00D6B462 /* DefinePasswordViewController.swift in Sources */ = {isa = PBXBuildFile; fileRef = DAE097731C9DF0FA00D6B462 /* DefinePasswordViewController.swift */; };
		DAE380CE1CB2F5B3002DB874 /* EventTableViewCell.swift in Sources */ = {isa = PBXBuildFile; fileRef = DAE380CD1CB2F5B3002DB874 /* EventTableViewCell.swift */; };
		DAECFECD1DA0578C00D3F724 /* CustomTextFieldTableViewCell.swift in Sources */ = {isa = PBXBuildFile; fileRef = DAECFECB1DA0578C00D3F724 /* CustomTextFieldTableViewCell.swift */; };
		DAECFECE1DA0578C00D3F724 /* CustomTextFieldTableViewCell.xib in Resources */ = {isa = PBXBuildFile; fileRef = DAECFECC1DA0578C00D3F724 /* CustomTextFieldTableViewCell.xib */; };
		DAEE7CBB1CA49A580019C8D4 /* FriendsTableViewController.swift in Sources */ = {isa = PBXBuildFile; fileRef = DAEE7CBA1CA49A580019C8D4 /* FriendsTableViewController.swift */; };
		DAF66D2C1CA3EB3700B6062D /* Friends.storyboard in Resources */ = {isa = PBXBuildFile; fileRef = DAF66D2B1CA3EB3700B6062D /* Friends.storyboard */; };
		DAF66D311CA4028800B6062D /* MenuTableViewController.swift in Sources */ = {isa = PBXBuildFile; fileRef = DAF66D301CA4028800B6062D /* MenuTableViewController.swift */; };
/* End PBXBuildFile section */

/* Begin PBXContainerItemProxy section */
		DAAEE16C1C9ABE1F00D53AEC /* PBXContainerItemProxy */ = {
			isa = PBXContainerItemProxy;
			containerPortal = DAAEE14C1C9ABE1F00D53AEC /* Project object */;
			proxyType = 1;
			remoteGlobalIDString = DAAEE1531C9ABE1F00D53AEC;
			remoteInfo = Kairos;
		};
/* End PBXContainerItemProxy section */

/* Begin PBXFileReference section */
		079B844B84C39AB6C294AC82 /* Pods_KairosTests.framework */ = {isa = PBXFileReference; explicitFileType = wrapper.framework; includeInIndex = 0; path = Pods_KairosTests.framework; sourceTree = BUILT_PRODUCTS_DIR; };
		07C48A9B6F70D6FD5B0F52CF /* Pods_Kairos.framework */ = {isa = PBXFileReference; explicitFileType = wrapper.framework; includeInIndex = 0; path = Pods_Kairos.framework; sourceTree = BUILT_PRODUCTS_DIR; };
		12D6BC32167E329CCB833231 /* Pods-KairosTests.debug.xcconfig */ = {isa = PBXFileReference; includeInIndex = 1; lastKnownFileType = text.xcconfig; name = "Pods-KairosTests.debug.xcconfig"; path = "Pods/Target Support Files/Pods-KairosTests/Pods-KairosTests.debug.xcconfig"; sourceTree = "<group>"; };
		3223CBE69C2D58368F9D6CD2 /* Pods-Kairos.debug.xcconfig */ = {isa = PBXFileReference; includeInIndex = 1; lastKnownFileType = text.xcconfig; name = "Pods-Kairos.debug.xcconfig"; path = "Pods/Target Support Files/Pods-Kairos/Pods-Kairos.debug.xcconfig"; sourceTree = "<group>"; };
		478919BFCC2BBB3FC57340F6 /* Pods-Kairos.release.xcconfig */ = {isa = PBXFileReference; includeInIndex = 1; lastKnownFileType = text.xcconfig; name = "Pods-Kairos.release.xcconfig"; path = "Pods/Target Support Files/Pods-Kairos/Pods-Kairos.release.xcconfig"; sourceTree = "<group>"; };
		CA9F71EE2164C082689D74FB /* Pods-KairosTests.release.xcconfig */ = {isa = PBXFileReference; includeInIndex = 1; lastKnownFileType = text.xcconfig; name = "Pods-KairosTests.release.xcconfig"; path = "Pods/Target Support Files/Pods-KairosTests/Pods-KairosTests.release.xcconfig"; sourceTree = "<group>"; };
		DA0019051D9FEDEC00CA11F5 /* FriendManager.swift */ = {isa = PBXFileReference; fileEncoding = 4; lastKnownFileType = sourcecode.swift; path = FriendManager.swift; sourceTree = "<group>"; };
		DA0A75E01DA68242001881D0 /* Assets.xcassets */ = {isa = PBXFileReference; lastKnownFileType = folder.assetcatalog; path = Assets.xcassets; sourceTree = "<group>"; };
		DA11A9F51D986A6700218FF3 /* RequestManager.swift */ = {isa = PBXFileReference; fileEncoding = 4; lastKnownFileType = sourcecode.swift; path = RequestManager.swift; sourceTree = "<group>"; };
		DA11A9F71D9872D400218FF3 /* ModalSearchSegue.swift */ = {isa = PBXFileReference; fileEncoding = 4; lastKnownFileType = sourcecode.swift; path = ModalSearchSegue.swift; sourceTree = "<group>"; };
		DA1874561CDB7375008E7C38 /* EventTitleTableViewCell.swift */ = {isa = PBXFileReference; fileEncoding = 4; lastKnownFileType = sourcecode.swift; path = EventTitleTableViewCell.swift; sourceTree = "<group>"; };
		DA1874581CDB738B008E7C38 /* EventLocationTableViewCell.swift */ = {isa = PBXFileReference; fileEncoding = 4; lastKnownFileType = sourcecode.swift; path = EventLocationTableViewCell.swift; sourceTree = "<group>"; };
		DA18745A1CDB73AF008E7C38 /* EventStartDateTableViewCell.swift */ = {isa = PBXFileReference; fileEncoding = 4; lastKnownFileType = sourcecode.swift; path = EventStartDateTableViewCell.swift; sourceTree = "<group>"; };
		DA18745C1CDB73BE008E7C38 /* EventEndDateTableViewCell.swift */ = {isa = PBXFileReference; fileEncoding = 4; lastKnownFileType = sourcecode.swift; lineEnding = 0; path = EventEndDateTableViewCell.swift; sourceTree = "<group>"; xcLanguageSpecificationIdentifier = xcode.lang.swift; };
		DA18745E1CDB78A9008E7C38 /* EventNotesTableViewCell.swift */ = {isa = PBXFileReference; fileEncoding = 4; lastKnownFileType = sourcecode.swift; path = EventNotesTableViewCell.swift; sourceTree = "<group>"; };
		DA1874601CDB8029008E7C38 /* BaseEventTableViewCell.swift */ = {isa = PBXFileReference; fileEncoding = 4; lastKnownFileType = sourcecode.swift; path = BaseEventTableViewCell.swift; sourceTree = "<group>"; };
		DA1D4BE01D84111C00B11AD1 /* CalendarFilterTableViewController.swift */ = {isa = PBXFileReference; fileEncoding = 4; lastKnownFileType = sourcecode.swift; path = CalendarFilterTableViewController.swift; sourceTree = "<group>"; };
		DA1D4BE21D841F7E00B11AD1 /* CalendarTableViewController.swift */ = {isa = PBXFileReference; fileEncoding = 4; lastKnownFileType = sourcecode.swift; path = CalendarTableViewController.swift; sourceTree = "<group>"; };
		DA1E11FE1D78440E0068207F /* SignOutViewController.swift */ = {isa = PBXFileReference; fileEncoding = 4; lastKnownFileType = sourcecode.swift; path = SignOutViewController.swift; sourceTree = "<group>"; };
		DA1E12001D784AC90068207F /* EditProfileViewController.swift */ = {isa = PBXFileReference; fileEncoding = 4; lastKnownFileType = sourcecode.swift; path = EditProfileViewController.swift; sourceTree = "<group>"; };
		DA23E6E61D76EBCE00B9D403 /* EventCalendarTableViewController.swift */ = {isa = PBXFileReference; fileEncoding = 4; lastKnownFileType = sourcecode.swift; path = EventCalendarTableViewController.swift; sourceTree = "<group>"; };
		DA31B7731D9514D9004D5E81 /* CalendarEditTableViewController.swift */ = {isa = PBXFileReference; fileEncoding = 4; lastKnownFileType = sourcecode.swift; path = CalendarEditTableViewController.swift; sourceTree = "<group>"; };
		DA3603C01CC26C3300A89B5A /* EventInfosTableViewCell.swift */ = {isa = PBXFileReference; fileEncoding = 4; lastKnownFileType = sourcecode.swift; lineEnding = 0; path = EventInfosTableViewCell.swift; sourceTree = "<group>"; xcLanguageSpecificationIdentifier = xcode.lang.swift; };
		DA3603C21CC26C4700A89B5A /* EventCalendarTableViewCell.swift */ = {isa = PBXFileReference; fileEncoding = 4; lastKnownFileType = sourcecode.swift; path = EventCalendarTableViewCell.swift; sourceTree = "<group>"; };
		DA3603C41CC26C5A00A89B5A /* EventDescriptionTableViewCell.swift */ = {isa = PBXFileReference; fileEncoding = 4; lastKnownFileType = sourcecode.swift; path = EventDescriptionTableViewCell.swift; sourceTree = "<group>"; };
		DA3603C61CC26DA000A89B5A /* EventDetailsTableViewController.swift */ = {isa = PBXFileReference; fileEncoding = 4; lastKnownFileType = sourcecode.swift; lineEnding = 0; path = EventDetailsTableViewController.swift; sourceTree = "<group>"; xcLanguageSpecificationIdentifier = xcode.lang.swift; };
		DA3F3ACA1C9AEA5200E82FC6 /* LoadingViewController.swift */ = {isa = PBXFileReference; fileEncoding = 4; lastKnownFileType = sourcecode.swift; path = LoadingViewController.swift; sourceTree = "<group>"; };
		DA3F3ACC1C9AF0D200E82FC6 /* Login.storyboard */ = {isa = PBXFileReference; fileEncoding = 4; lastKnownFileType = file.storyboard; path = Login.storyboard; sourceTree = "<group>"; };
		DA3F3ACE1C9AFC2A00E82FC6 /* Common.swift */ = {isa = PBXFileReference; fileEncoding = 4; lastKnownFileType = sourcecode.swift; path = Common.swift; sourceTree = "<group>"; };
		DA3F3AD01C9B022400E82FC6 /* SignUpViewController.swift */ = {isa = PBXFileReference; fileEncoding = 4; lastKnownFileType = sourcecode.swift; path = SignUpViewController.swift; sourceTree = "<group>"; };
		DA3F3AD21C9B022F00E82FC6 /* SignInViewController.swift */ = {isa = PBXFileReference; fileEncoding = 4; lastKnownFileType = sourcecode.swift; path = SignInViewController.swift; sourceTree = "<group>"; };
		DA3F3AD41C9B037600E82FC6 /* GetStartedViewController.swift */ = {isa = PBXFileReference; fileEncoding = 4; lastKnownFileType = sourcecode.swift; path = GetStartedViewController.swift; sourceTree = "<group>"; };
		DA52AAE21CD7EC5900464096 /* EventTableViewController.swift */ = {isa = PBXFileReference; fileEncoding = 4; lastKnownFileType = sourcecode.swift; lineEnding = 0; path = EventTableViewController.swift; sourceTree = "<group>"; xcLanguageSpecificationIdentifier = xcode.lang.swift; };
		DA5CDDDF1D8ACF5000B406A1 /* CollaboratorTableViewCell.swift */ = {isa = PBXFileReference; fileEncoding = 4; lastKnownFileType = sourcecode.swift; path = CollaboratorTableViewCell.swift; sourceTree = "<group>"; };
		DA5CDDE01D8ACF5000B406A1 /* CollaboratorTableViewCell.xib */ = {isa = PBXFileReference; fileEncoding = 4; lastKnownFileType = file.xib; path = CollaboratorTableViewCell.xib; sourceTree = "<group>"; };
		DA5CDDE31D8AD6FB00B406A1 /* CalendarNameTableViewCell.swift */ = {isa = PBXFileReference; fileEncoding = 4; lastKnownFileType = sourcecode.swift; path = CalendarNameTableViewCell.swift; sourceTree = "<group>"; };
		DA5CDDE51D8AD94100B406A1 /* CalendarDeleteTableViewCell.swift */ = {isa = PBXFileReference; fileEncoding = 4; lastKnownFileType = sourcecode.swift; path = CalendarDeleteTableViewCell.swift; sourceTree = "<group>"; };
		DA5CDDE71D8ADB0600B406A1 /* BaseCalendarTableViewCell.swift */ = {isa = PBXFileReference; fileEncoding = 4; lastKnownFileType = sourcecode.swift; path = BaseCalendarTableViewCell.swift; sourceTree = "<group>"; };
		DA612CB31CA472F90027D7FB /* Profile.storyboard */ = {isa = PBXFileReference; fileEncoding = 4; lastKnownFileType = file.storyboard; path = Profile.storyboard; sourceTree = "<group>"; };
		DA612CB71CA48B060027D7FB /* FriendsViewController.swift */ = {isa = PBXFileReference; fileEncoding = 4; lastKnownFileType = sourcecode.swift; path = FriendsViewController.swift; sourceTree = "<group>"; };
		DA668F361CA4A40400230912 /* FriendTableViewCell.swift */ = {isa = PBXFileReference; fileEncoding = 4; lastKnownFileType = sourcecode.swift; path = FriendTableViewCell.swift; sourceTree = "<group>"; };
		DA668F371CA4A40400230912 /* FriendTableViewCell.xib */ = {isa = PBXFileReference; fileEncoding = 4; lastKnownFileType = file.xib; path = FriendTableViewCell.xib; sourceTree = "<group>"; };
		DA668F3A1CA4AD7800230912 /* FriendsRequestsTableViewController.swift */ = {isa = PBXFileReference; fileEncoding = 4; lastKnownFileType = sourcecode.swift; path = FriendsRequestsTableViewController.swift; sourceTree = "<group>"; };
		DA668F3C1CA4AEA000230912 /* InvitationTableViewCell.swift */ = {isa = PBXFileReference; fileEncoding = 4; lastKnownFileType = sourcecode.swift; path = InvitationTableViewCell.swift; sourceTree = "<group>"; };
		DA668F3D1CA4AEA000230912 /* InvitationTableViewCell.xib */ = {isa = PBXFileReference; fileEncoding = 4; lastKnownFileType = file.xib; path = InvitationTableViewCell.xib; sourceTree = "<group>"; };
		DA68532E1CE25D6700B839F6 /* SentInvitationTableViewCell.swift */ = {isa = PBXFileReference; fileEncoding = 4; lastKnownFileType = sourcecode.swift; path = SentInvitationTableViewCell.swift; sourceTree = "<group>"; };
		DA68532F1CE25D6700B839F6 /* SentInvitationTableViewCell.xib */ = {isa = PBXFileReference; fileEncoding = 4; lastKnownFileType = file.xib; path = SentInvitationTableViewCell.xib; sourceTree = "<group>"; };
		DA6853321CE25E2400B839F6 /* UserManager.swift */ = {isa = PBXFileReference; fileEncoding = 4; lastKnownFileType = sourcecode.swift; path = UserManager.swift; sourceTree = "<group>"; };
		DA6853361CE25E5E00B839F6 /* User-Info.plist */ = {isa = PBXFileReference; fileEncoding = 4; lastKnownFileType = text.plist.xml; path = "User-Info.plist"; sourceTree = "<group>"; };
		DA6853371CE25E5E00B839F6 /* Plist.swift */ = {isa = PBXFileReference; fileEncoding = 4; lastKnownFileType = sourcecode.swift; path = Plist.swift; sourceTree = "<group>"; };
		DA6853381CE25E5E00B839F6 /* Event.swift */ = {isa = PBXFileReference; fileEncoding = 4; lastKnownFileType = sourcecode.swift; path = Event.swift; sourceTree = "<group>"; };
		DA6853391CE25E5E00B839F6 /* Calendar.swift */ = {isa = PBXFileReference; fileEncoding = 4; lastKnownFileType = sourcecode.swift; path = Calendar.swift; sourceTree = "<group>"; };
		DA68533A1CE25E5E00B839F6 /* User.swift */ = {isa = PBXFileReference; fileEncoding = 4; lastKnownFileType = sourcecode.swift; path = User.swift; sourceTree = "<group>"; };
		DA68533B1CE25E5E00B839F6 /* Owner.swift */ = {isa = PBXFileReference; fileEncoding = 4; lastKnownFileType = sourcecode.swift; path = Owner.swift; sourceTree = "<group>"; };
		DA68533C1CE25E5E00B839F6 /* Friend.swift */ = {isa = PBXFileReference; fileEncoding = 4; lastKnownFileType = sourcecode.swift; path = Friend.swift; sourceTree = "<group>"; };
		DA6853451CE260C200B839F6 /* Kairos.xcdatamodel */ = {isa = PBXFileReference; lastKnownFileType = wrapper.xcdatamodel; path = Kairos.xcdatamodel; sourceTree = "<group>"; };
		DA6853471CE2707600B839F6 /* RouterWrapper.swift */ = {isa = PBXFileReference; fileEncoding = 4; lastKnownFileType = sourcecode.swift; path = RouterWrapper.swift; sourceTree = "<group>"; };
		DA7912F71CEFCBF800661753 /* FriendActionPopoverTableViewController.swift */ = {isa = PBXFileReference; fileEncoding = 4; lastKnownFileType = sourcecode.swift; path = FriendActionPopoverTableViewController.swift; sourceTree = "<group>"; };
		DA7912FB1CEFCDA100661753 /* BlockUserTableViewCell.swift */ = {isa = PBXFileReference; fileEncoding = 4; lastKnownFileType = sourcecode.swift; path = BlockUserTableViewCell.swift; sourceTree = "<group>"; };
		DA7912FC1CEFCDA100661753 /* BlockUserTableViewCell.xib */ = {isa = PBXFileReference; fileEncoding = 4; lastKnownFileType = file.xib; path = BlockUserTableViewCell.xib; sourceTree = "<group>"; };
		DA7913011CEFCF6E00661753 /* UnfriendTableViewCell.swift */ = {isa = PBXFileReference; fileEncoding = 4; lastKnownFileType = sourcecode.swift; path = UnfriendTableViewCell.swift; sourceTree = "<group>"; };
		DA7913021CEFCF6E00661753 /* UnfriendTableViewCell.xib */ = {isa = PBXFileReference; fileEncoding = 4; lastKnownFileType = file.xib; path = UnfriendTableViewCell.xib; sourceTree = "<group>"; };
		DA799DF51D9D0FF0003C27CE /* ProfileImagePickerTableViewCell.swift */ = {isa = PBXFileReference; fileEncoding = 4; lastKnownFileType = sourcecode.swift; path = ProfileImagePickerTableViewCell.swift; sourceTree = "<group>"; };
		DA799DF61D9D0FF0003C27CE /* ProfileImagePickerTableViewCell.xib */ = {isa = PBXFileReference; fileEncoding = 4; lastKnownFileType = file.xib; path = ProfileImagePickerTableViewCell.xib; sourceTree = "<group>"; };
		DA83262F1CE3CCFF00C09F31 /* DataSync.swift */ = {isa = PBXFileReference; fileEncoding = 4; lastKnownFileType = sourcecode.swift; lineEnding = 0; path = DataSync.swift; sourceTree = "<group>"; xcLanguageSpecificationIdentifier = xcode.lang.swift; };
		DA8358C61CAB18A400CC9B29 /* CalendarViewController.swift */ = {isa = PBXFileReference; fileEncoding = 4; lastKnownFileType = sourcecode.swift; lineEnding = 0; path = CalendarViewController.swift; sourceTree = "<group>"; xcLanguageSpecificationIdentifier = xcode.lang.swift; };
		DA847C291D14077300ED2750 /* Project.storyboard */ = {isa = PBXFileReference; fileEncoding = 4; lastKnownFileType = file.storyboard; path = Project.storyboard; sourceTree = "<group>"; };
		DA851C951CAE99C50025E1D4 /* Calendar.storyboard */ = {isa = PBXFileReference; fileEncoding = 4; lastKnownFileType = file.storyboard; path = Calendar.storyboard; sourceTree = "<group>"; };
		DA8CA9421D8CA295007E40FF /* UserCalendar.swift */ = {isa = PBXFileReference; fileEncoding = 4; lastKnownFileType = sourcecode.swift; path = UserCalendar.swift; sourceTree = "<group>"; };
		DA8CA9451D8CA295007E40FF /* UserEvent.swift */ = {isa = PBXFileReference; fileEncoding = 4; lastKnownFileType = sourcecode.swift; path = UserEvent.swift; sourceTree = "<group>"; };
		DAA2D4781DA3079700D5E6A7 /* AddFriendsTableViewController.swift */ = {isa = PBXFileReference; fileEncoding = 4; lastKnownFileType = sourcecode.swift; path = AddFriendsTableViewController.swift; sourceTree = "<group>"; };
		DAA6B6B61D99CAD600D68016 /* CompleteProfileViewController.swift */ = {isa = PBXFileReference; fileEncoding = 4; lastKnownFileType = sourcecode.swift; path = CompleteProfileViewController.swift; sourceTree = "<group>"; };
		DAA8165F1C9C207C00EF1560 /* GoogleService-Info.plist */ = {isa = PBXFileReference; fileEncoding = 4; lastKnownFileType = text.plist.xml; path = "GoogleService-Info.plist"; sourceTree = "<group>"; };
		DAA816621C9C218900EF1560 /* Kairos-Bridging-Header.h */ = {isa = PBXFileReference; lastKnownFileType = sourcecode.c.h; path = "Kairos-Bridging-Header.h"; sourceTree = "<group>"; };
		DAAEE1541C9ABE1F00D53AEC /* Kairos.app */ = {isa = PBXFileReference; explicitFileType = wrapper.application; includeInIndex = 0; path = Kairos.app; sourceTree = BUILT_PRODUCTS_DIR; };
		DAAEE1571C9ABE1F00D53AEC /* AppDelegate.swift */ = {isa = PBXFileReference; lastKnownFileType = sourcecode.swift; path = AppDelegate.swift; sourceTree = "<group>"; };
		DAAEE15C1C9ABE1F00D53AEC /* Base */ = {isa = PBXFileReference; lastKnownFileType = file.storyboard; name = Base; path = Base.lproj/Main.storyboard; sourceTree = "<group>"; };
		DAAEE1661C9ABE1F00D53AEC /* Info.plist */ = {isa = PBXFileReference; lastKnownFileType = text.plist.xml; path = Info.plist; sourceTree = "<group>"; };
		DAAEE16B1C9ABE1F00D53AEC /* KairosTests.xctest */ = {isa = PBXFileReference; explicitFileType = wrapper.cfbundle; includeInIndex = 0; path = KairosTests.xctest; sourceTree = BUILT_PRODUCTS_DIR; };
		DAAEE16F1C9ABE1F00D53AEC /* KairosTests.swift */ = {isa = PBXFileReference; lastKnownFileType = sourcecode.swift; path = KairosTests.swift; sourceTree = "<group>"; };
		DAAEE1711C9ABE1F00D53AEC /* Info.plist */ = {isa = PBXFileReference; lastKnownFileType = text.plist.xml; path = Info.plist; sourceTree = "<group>"; };
		DAC801811CA1F0330092A717 /* SpinnerManager.swift */ = {isa = PBXFileReference; fileEncoding = 4; lastKnownFileType = sourcecode.swift; path = SpinnerManager.swift; sourceTree = "<group>"; };
		DAC801841CA3334D0092A717 /* Menu.storyboard */ = {isa = PBXFileReference; fileEncoding = 4; lastKnownFileType = file.storyboard; path = Menu.storyboard; sourceTree = "<group>"; };
		DAC801871CA346B70092A717 /* Settings.storyboard */ = {isa = PBXFileReference; fileEncoding = 4; lastKnownFileType = file.storyboard; path = Settings.storyboard; sourceTree = "<group>"; };
		DAC8018B1CA353AF0092A717 /* Board.storyboard */ = {isa = PBXFileReference; fileEncoding = 4; lastKnownFileType = file.storyboard; path = Board.storyboard; sourceTree = "<group>"; };
		DAD51B931D982CF000A20376 /* Extentions+Former.swift */ = {isa = PBXFileReference; fileEncoding = 4; lastKnownFileType = sourcecode.swift; path = "Extentions+Former.swift"; sourceTree = "<group>"; };
		DADC45DB1D9FB69E003CC4D1 /* AccountSecurityTableViewController.swift */ = {isa = PBXFileReference; fileEncoding = 4; lastKnownFileType = sourcecode.swift; path = AccountSecurityTableViewController.swift; sourceTree = "<group>"; };
		DADC45DD1D9FBD0D003CC4D1 /* ChangeEmailViewController.swift */ = {isa = PBXFileReference; fileEncoding = 4; lastKnownFileType = sourcecode.swift; path = ChangeEmailViewController.swift; sourceTree = "<group>"; };
		DADC45DF1D9FBE0A003CC4D1 /* ChangePasswordViewController.swift */ = {isa = PBXFileReference; fileEncoding = 4; lastKnownFileType = sourcecode.swift; path = ChangePasswordViewController.swift; sourceTree = "<group>"; };
		DADD55E21CA60CE200C44D40 /* UserTableViewCell.swift */ = {isa = PBXFileReference; fileEncoding = 4; lastKnownFileType = sourcecode.swift; path = UserTableViewCell.swift; sourceTree = "<group>"; };
		DADD55E31CA60CE200C44D40 /* UserTableViewCell.xib */ = {isa = PBXFileReference; fileEncoding = 4; lastKnownFileType = file.xib; path = UserTableViewCell.xib; sourceTree = "<group>"; };
		DADF545A1D932C5100D0E092 /* ProfileTableViewController.swift */ = {isa = PBXFileReference; fileEncoding = 4; lastKnownFileType = sourcecode.swift; path = ProfileTableViewController.swift; sourceTree = "<group>"; };
		DAE097731C9DF0FA00D6B462 /* DefinePasswordViewController.swift */ = {isa = PBXFileReference; fileEncoding = 4; lastKnownFileType = sourcecode.swift; path = DefinePasswordViewController.swift; sourceTree = "<group>"; };
		DAE380CD1CB2F5B3002DB874 /* EventTableViewCell.swift */ = {isa = PBXFileReference; fileEncoding = 4; lastKnownFileType = sourcecode.swift; path = EventTableViewCell.swift; sourceTree = "<group>"; };
		DAECFECB1DA0578C00D3F724 /* CustomTextFieldTableViewCell.swift */ = {isa = PBXFileReference; fileEncoding = 4; lastKnownFileType = sourcecode.swift; path = CustomTextFieldTableViewCell.swift; sourceTree = "<group>"; };
		DAECFECC1DA0578C00D3F724 /* CustomTextFieldTableViewCell.xib */ = {isa = PBXFileReference; fileEncoding = 4; lastKnownFileType = file.xib; path = CustomTextFieldTableViewCell.xib; sourceTree = "<group>"; };
		DAEE7CBA1CA49A580019C8D4 /* FriendsTableViewController.swift */ = {isa = PBXFileReference; fileEncoding = 4; lastKnownFileType = sourcecode.swift; path = FriendsTableViewController.swift; sourceTree = "<group>"; };
		DAF66D2B1CA3EB3700B6062D /* Friends.storyboard */ = {isa = PBXFileReference; fileEncoding = 4; lastKnownFileType = file.storyboard; path = Friends.storyboard; sourceTree = "<group>"; };
		DAF66D301CA4028800B6062D /* MenuTableViewController.swift */ = {isa = PBXFileReference; fileEncoding = 4; lastKnownFileType = sourcecode.swift; path = MenuTableViewController.swift; sourceTree = "<group>"; };
/* End PBXFileReference section */

/* Begin PBXFrameworksBuildPhase section */
		DAAEE1511C9ABE1F00D53AEC /* Frameworks */ = {
			isa = PBXFrameworksBuildPhase;
			buildActionMask = 2147483647;
			files = (
				01F6BF2D442DBB5D0DA2A7E1 /* Pods_Kairos.framework in Frameworks */,
			);
			runOnlyForDeploymentPostprocessing = 0;
		};
		DAAEE1681C9ABE1F00D53AEC /* Frameworks */ = {
			isa = PBXFrameworksBuildPhase;
			buildActionMask = 2147483647;
			files = (
				7EC8C50412FB335B18CC9ED4 /* Pods_KairosTests.framework in Frameworks */,
			);
			runOnlyForDeploymentPostprocessing = 0;
		};
/* End PBXFrameworksBuildPhase section */

/* Begin PBXGroup section */
		0D8B563A18CD85FE498FE4EA /* Pods */ = {
			isa = PBXGroup;
			children = (
				3223CBE69C2D58368F9D6CD2 /* Pods-Kairos.debug.xcconfig */,
				478919BFCC2BBB3FC57340F6 /* Pods-Kairos.release.xcconfig */,
				12D6BC32167E329CCB833231 /* Pods-KairosTests.debug.xcconfig */,
				CA9F71EE2164C082689D74FB /* Pods-KairosTests.release.xcconfig */,
			);
			name = Pods;
			sourceTree = "<group>";
		};
		888AB52107EBFF6D977CFD15 /* Frameworks */ = {
			isa = PBXGroup;
			children = (
				07C48A9B6F70D6FD5B0F52CF /* Pods_Kairos.framework */,
				079B844B84C39AB6C294AC82 /* Pods_KairosTests.framework */,
			);
			name = Frameworks;
			sourceTree = "<group>";
		};
		DA3F3AC91C9AEA1B00E82FC6 /* Login */ = {
			isa = PBXGroup;
			children = (
				DA3F3AD01C9B022400E82FC6 /* SignUpViewController.swift */,
				DA3F3AD21C9B022F00E82FC6 /* SignInViewController.swift */,
				DA3F3AD41C9B037600E82FC6 /* GetStartedViewController.swift */,
				DAE097731C9DF0FA00D6B462 /* DefinePasswordViewController.swift */,
				DAA6B6B61D99CAD600D68016 /* CompleteProfileViewController.swift */,
				DA1E11FE1D78440E0068207F /* SignOutViewController.swift */,
			);
			name = Login;
			sourceTree = "<group>";
		};
		DA496AEE1CC92F08003DD41B /* Storyboards */ = {
			isa = PBXGroup;
			children = (
				DA847C291D14077300ED2750 /* Project.storyboard */,
				DA612CB31CA472F90027D7FB /* Profile.storyboard */,
				DA851C951CAE99C50025E1D4 /* Calendar.storyboard */,
				DAF66D2B1CA3EB3700B6062D /* Friends.storyboard */,
				DAC8018B1CA353AF0092A717 /* Board.storyboard */,
				DAC801871CA346B70092A717 /* Settings.storyboard */,
				DAC801841CA3334D0092A717 /* Menu.storyboard */,
				DA3F3ACC1C9AF0D200E82FC6 /* Login.storyboard */,
				DAAEE15B1C9ABE1F00D53AEC /* Main.storyboard */,
			);
			name = Storyboards;
			sourceTree = "<group>";
		};
		DA496AEF1CC92F16003DD41B /* Model */ = {
			isa = PBXGroup;
			children = (
				DA6853441CE260C200B839F6 /* Kairos.xcdatamodeld */,
				DA6853361CE25E5E00B839F6 /* User-Info.plist */,
				DA6853371CE25E5E00B839F6 /* Plist.swift */,
				DA6853381CE25E5E00B839F6 /* Event.swift */,
				DA6853391CE25E5E00B839F6 /* Calendar.swift */,
				DA68533A1CE25E5E00B839F6 /* User.swift */,
				DA68533B1CE25E5E00B839F6 /* Owner.swift */,
				DA68533C1CE25E5E00B839F6 /* Friend.swift */,
				DA8CA9421D8CA295007E40FF /* UserCalendar.swift */,
				DA8CA9451D8CA295007E40FF /* UserEvent.swift */,
			);
			name = Model;
			sourceTree = "<group>";
		};
		DA52AAE41CD7ECA100464096 /* Details */ = {
			isa = PBXGroup;
			children = (
				DA3603C01CC26C3300A89B5A /* EventInfosTableViewCell.swift */,
				DA3603C21CC26C4700A89B5A /* EventCalendarTableViewCell.swift */,
				DA3603C41CC26C5A00A89B5A /* EventDescriptionTableViewCell.swift */,
			);
			name = Details;
			sourceTree = "<group>";
		};
		DA52AAE51CD7F82500464096 /* Event */ = {
			isa = PBXGroup;
			children = (
				DA1874561CDB7375008E7C38 /* EventTitleTableViewCell.swift */,
				DA1874581CDB738B008E7C38 /* EventLocationTableViewCell.swift */,
				DA18745A1CDB73AF008E7C38 /* EventStartDateTableViewCell.swift */,
				DA18745C1CDB73BE008E7C38 /* EventEndDateTableViewCell.swift */,
				DA18745E1CDB78A9008E7C38 /* EventNotesTableViewCell.swift */,
				DA1874601CDB8029008E7C38 /* BaseEventTableViewCell.swift */,
				DAE380CD1CB2F5B3002DB874 /* EventTableViewCell.swift */,
			);
			name = Event;
			sourceTree = "<group>";
		};
		DA58DA861D6CDB2600387A26 /* Common */ = {
			isa = PBXGroup;
			children = (
				DA3F3ACE1C9AFC2A00E82FC6 /* Common.swift */,
				DAD51B931D982CF000A20376 /* Extentions+Former.swift */,
				DA11A9F71D9872D400218FF3 /* ModalSearchSegue.swift */,
			);
			name = Common;
			sourceTree = "<group>";
		};
		DA58DA871D6CE3C900387A26 /* Calendar */ = {
			isa = PBXGroup;
			children = (
				DA624AAD1D81518E001473EA /* Calendar */,
				DA52AAE51CD7F82500464096 /* Event */,
				DA52AAE41CD7ECA100464096 /* Details */,
			);
			name = Calendar;
			sourceTree = "<group>";
		};
		DA612CB51CA473060027D7FB /* Profile */ = {
			isa = PBXGroup;
			children = (
				DA1E12001D784AC90068207F /* EditProfileViewController.swift */,
				DADF545A1D932C5100D0E092 /* ProfileTableViewController.swift */,
				DADC45DB1D9FB69E003CC4D1 /* AccountSecurityTableViewController.swift */,
				DADC45DD1D9FBD0D003CC4D1 /* ChangeEmailViewController.swift */,
				DADC45DF1D9FBE0A003CC4D1 /* ChangePasswordViewController.swift */,
			);
			name = Profile;
			sourceTree = "<group>";
		};
		DA624AAD1D81518E001473EA /* Calendar */ = {
			isa = PBXGroup;
			children = (
				DA5CDDDF1D8ACF5000B406A1 /* CollaboratorTableViewCell.swift */,
				DA5CDDE01D8ACF5000B406A1 /* CollaboratorTableViewCell.xib */,
				DA5CDDE31D8AD6FB00B406A1 /* CalendarNameTableViewCell.swift */,
				DA5CDDE51D8AD94100B406A1 /* CalendarDeleteTableViewCell.swift */,
				DA5CDDE71D8ADB0600B406A1 /* BaseCalendarTableViewCell.swift */,
			);
			name = Calendar;
			sourceTree = "<group>";
		};
		DA799DF01D9D0E4F003C27CE /* Profile */ = {
			isa = PBXGroup;
			children = (
				DA799DF51D9D0FF0003C27CE /* ProfileImagePickerTableViewCell.swift */,
				DA799DF61D9D0FF0003C27CE /* ProfileImagePickerTableViewCell.xib */,
			);
			name = Profile;
			sourceTree = "<group>";
		};
		DA81BBD71D4A2DBF00C2C349 /* ViewControllers */ = {
			isa = PBXGroup;
			children = (
				DA847C281D14075400ED2750 /* Project */,
				DA612CB51CA473060027D7FB /* Profile */,
				DA851C941CAE998C0025E1D4 /* Calendar */,
				DAF66D2D1CA3EC3800B6062D /* Friends */,
				DAC8018D1CA353CA0092A717 /* Board */,
				DAC801861CA346A60092A717 /* Settings */,
				DAC801831CA333290092A717 /* Menu */,
				DA3F3AC91C9AEA1B00E82FC6 /* Login */,
				DAE51ED81C9B7E7800B44296 /* Main */,
			);
			name = ViewControllers;
			sourceTree = "<group>";
		};
		DA81BBD81D4A2DE000C2C349 /* Views */ = {
			isa = PBXGroup;
			children = (
				DA496AEE1CC92F08003DD41B /* Storyboards */,
				DA81BBD91D4A2DEE00C2C349 /* Cells */,
			);
			name = Views;
			sourceTree = "<group>";
		};
		DA81BBD91D4A2DEE00C2C349 /* Cells */ = {
			isa = PBXGroup;
			children = (
				DA799DF01D9D0E4F003C27CE /* Profile */,
				DA58DA871D6CE3C900387A26 /* Calendar */,
				DA81BBDA1D4A2DFD00C2C349 /* Friends */,
				DAECFECB1DA0578C00D3F724 /* CustomTextFieldTableViewCell.swift */,
				DAECFECC1DA0578C00D3F724 /* CustomTextFieldTableViewCell.xib */,
			);
			name = Cells;
			sourceTree = "<group>";
		};
		DA81BBDA1D4A2DFD00C2C349 /* Friends */ = {
			isa = PBXGroup;
			children = (
				DA668F3C1CA4AEA000230912 /* InvitationTableViewCell.swift */,
				DA668F3D1CA4AEA000230912 /* InvitationTableViewCell.xib */,
				DA68532E1CE25D6700B839F6 /* SentInvitationTableViewCell.swift */,
				DA68532F1CE25D6700B839F6 /* SentInvitationTableViewCell.xib */,
				DA668F361CA4A40400230912 /* FriendTableViewCell.swift */,
				DA668F371CA4A40400230912 /* FriendTableViewCell.xib */,
				DADD55E21CA60CE200C44D40 /* UserTableViewCell.swift */,
				DADD55E31CA60CE200C44D40 /* UserTableViewCell.xib */,
				DA7912FB1CEFCDA100661753 /* BlockUserTableViewCell.swift */,
				DA7912FC1CEFCDA100661753 /* BlockUserTableViewCell.xib */,
				DA7913011CEFCF6E00661753 /* UnfriendTableViewCell.swift */,
				DA7913021CEFCF6E00661753 /* UnfriendTableViewCell.xib */,
			);
			name = Friends;
			sourceTree = "<group>";
		};
		DA847C281D14075400ED2750 /* Project */ = {
			isa = PBXGroup;
			children = (
			);
			name = Project;
			sourceTree = "<group>";
		};
		DA851C941CAE998C0025E1D4 /* Calendar */ = {
			isa = PBXGroup;
			children = (
				DA8358C61CAB18A400CC9B29 /* CalendarViewController.swift */,
				DA3603C61CC26DA000A89B5A /* EventDetailsTableViewController.swift */,
				DA52AAE21CD7EC5900464096 /* EventTableViewController.swift */,
				DA23E6E61D76EBCE00B9D403 /* EventCalendarTableViewController.swift */,
				DA1D4BE21D841F7E00B11AD1 /* CalendarTableViewController.swift */,
				DA1D4BE01D84111C00B11AD1 /* CalendarFilterTableViewController.swift */,
				DA31B7731D9514D9004D5E81 /* CalendarEditTableViewController.swift */,
			);
			name = Calendar;
			sourceTree = "<group>";
		};
		DAA8165B1C9C1E9800EF1560 /* Supporting Files */ = {
			isa = PBXGroup;
			children = (
				DA0A75E01DA68242001881D0 /* Assets.xcassets */,
				DAA8165F1C9C207C00EF1560 /* GoogleService-Info.plist */,
				DAAEE1661C9ABE1F00D53AEC /* Info.plist */,
				DAA816621C9C218900EF1560 /* Kairos-Bridging-Header.h */,
			);
			name = "Supporting Files";
			sourceTree = "<group>";
		};
		DAAEE14B1C9ABE1F00D53AEC = {
			isa = PBXGroup;
			children = (
				DAAEE1561C9ABE1F00D53AEC /* Kairos */,
				DAAEE16E1C9ABE1F00D53AEC /* KairosTests */,
				DAAEE1551C9ABE1F00D53AEC /* Products */,
				0D8B563A18CD85FE498FE4EA /* Pods */,
				888AB52107EBFF6D977CFD15 /* Frameworks */,
			);
			sourceTree = "<group>";
		};
		DAAEE1551C9ABE1F00D53AEC /* Products */ = {
			isa = PBXGroup;
			children = (
				DAAEE1541C9ABE1F00D53AEC /* Kairos.app */,
				DAAEE16B1C9ABE1F00D53AEC /* KairosTests.xctest */,
			);
			name = Products;
			sourceTree = "<group>";
		};
		DAAEE1561C9ABE1F00D53AEC /* Kairos */ = {
			isa = PBXGroup;
			children = (
				DAAEE1571C9ABE1F00D53AEC /* AppDelegate.swift */,
				DA58DA861D6CDB2600387A26 /* Common */,
				DABC13AC1CE2984900CE7B6C /* Manager */,
				DA496AEF1CC92F16003DD41B /* Model */,
				DA81BBD71D4A2DBF00C2C349 /* ViewControllers */,
				DA81BBD81D4A2DE000C2C349 /* Views */,
				DAA8165B1C9C1E9800EF1560 /* Supporting Files */,
			);
			path = Kairos;
			sourceTree = "<group>";
		};
		DAAEE16E1C9ABE1F00D53AEC /* KairosTests */ = {
			isa = PBXGroup;
			children = (
				DAAEE16F1C9ABE1F00D53AEC /* KairosTests.swift */,
				DAAEE1711C9ABE1F00D53AEC /* Info.plist */,
			);
			path = KairosTests;
			sourceTree = SOURCE_ROOT;
		};
		DABC13AC1CE2984900CE7B6C /* Manager */ = {
			isa = PBXGroup;
			children = (
				DA6853321CE25E2400B839F6 /* UserManager.swift */,
				DA0019051D9FEDEC00CA11F5 /* FriendManager.swift */,
				DAC801811CA1F0330092A717 /* SpinnerManager.swift */,
				DA6853471CE2707600B839F6 /* RouterWrapper.swift */,
				DA83262F1CE3CCFF00C09F31 /* DataSync.swift */,
				DA11A9F51D986A6700218FF3 /* RequestManager.swift */,
			);
			name = Manager;
			sourceTree = "<group>";
		};
		DAC801831CA333290092A717 /* Menu */ = {
			isa = PBXGroup;
			children = (
				DAF66D301CA4028800B6062D /* MenuTableViewController.swift */,
			);
			name = Menu;
			sourceTree = "<group>";
		};
		DAC801861CA346A60092A717 /* Settings */ = {
			isa = PBXGroup;
			children = (
			);
			name = Settings;
			sourceTree = "<group>";
		};
		DAC8018D1CA353CA0092A717 /* Board */ = {
			isa = PBXGroup;
			children = (
			);
			name = Board;
			sourceTree = "<group>";
		};
		DAE51ED81C9B7E7800B44296 /* Main */ = {
			isa = PBXGroup;
			children = (
				DA3F3ACA1C9AEA5200E82FC6 /* LoadingViewController.swift */,
			);
			name = Main;
			sourceTree = "<group>";
		};
		DAF66D2D1CA3EC3800B6062D /* Friends */ = {
			isa = PBXGroup;
			children = (
				DA612CB71CA48B060027D7FB /* FriendsViewController.swift */,
				DA668F3A1CA4AD7800230912 /* FriendsRequestsTableViewController.swift */,
				DAEE7CBA1CA49A580019C8D4 /* FriendsTableViewController.swift */,
				DAA2D4781DA3079700D5E6A7 /* AddFriendsTableViewController.swift */,
				DA7912F71CEFCBF800661753 /* FriendActionPopoverTableViewController.swift */,
			);
			name = Friends;
			sourceTree = "<group>";
		};
/* End PBXGroup section */

/* Begin PBXNativeTarget section */
		DAAEE1531C9ABE1F00D53AEC /* Kairos */ = {
			isa = PBXNativeTarget;
			buildConfigurationList = DAAEE1741C9ABE1F00D53AEC /* Build configuration list for PBXNativeTarget "Kairos" */;
			buildPhases = (
				38CFA4A662D481B86B32FB9A /* [CP] Check Pods Manifest.lock */,
				DAAEE1501C9ABE1F00D53AEC /* Sources */,
				DAAEE1511C9ABE1F00D53AEC /* Frameworks */,
				DAAEE1521C9ABE1F00D53AEC /* Resources */,
				D62DF5E524B602B93EF38A10 /* [CP] Embed Pods Frameworks */,
				8421FC618494AD75E5ACBC5A /* [CP] Copy Pods Resources */,
				DA5F47171CA5AC4C00A37960 /* Run Script */,
			);
			buildRules = (
			);
			dependencies = (
			);
			name = Kairos;
			productName = Kairos;
			productReference = DAAEE1541C9ABE1F00D53AEC /* Kairos.app */;
			productType = "com.apple.product-type.application";
		};
		DAAEE16A1C9ABE1F00D53AEC /* KairosTests */ = {
			isa = PBXNativeTarget;
			buildConfigurationList = DAAEE1771C9ABE1F00D53AEC /* Build configuration list for PBXNativeTarget "KairosTests" */;
			buildPhases = (
				25568E54F9F675EDA1827F6E /* [CP] Check Pods Manifest.lock */,
				DAAEE1671C9ABE1F00D53AEC /* Sources */,
				DAAEE1681C9ABE1F00D53AEC /* Frameworks */,
				DAAEE1691C9ABE1F00D53AEC /* Resources */,
				74CD662842532C9F17AFF160 /* [CP] Embed Pods Frameworks */,
				21FC3ACB3001920526DAB58B /* [CP] Copy Pods Resources */,
			);
			buildRules = (
			);
			dependencies = (
				DAAEE16D1C9ABE1F00D53AEC /* PBXTargetDependency */,
			);
			name = KairosTests;
			productName = KairosTests;
			productReference = DAAEE16B1C9ABE1F00D53AEC /* KairosTests.xctest */;
			productType = "com.apple.product-type.bundle.unit-test";
		};
/* End PBXNativeTarget section */

/* Begin PBXProject section */
		DAAEE14C1C9ABE1F00D53AEC /* Project object */ = {
			isa = PBXProject;
			attributes = {
				LastSwiftUpdateCheck = 0720;
				LastUpgradeCheck = 0720;
				ORGANIZATIONNAME = "Kairos-app";
				TargetAttributes = {
					DAAEE1531C9ABE1F00D53AEC = {
						CreatedOnToolsVersion = 7.2.1;
						DevelopmentTeam = TWPS85FDC4;
						LastSwiftMigration = 0800;
						SystemCapabilities = {
							com.apple.ApplicationGroups.iOS = {
								enabled = 0;
							};
						};
					};
					DAAEE16A1C9ABE1F00D53AEC = {
						CreatedOnToolsVersion = 7.2.1;
						LastSwiftMigration = 0800;
						TestTargetID = DAAEE1531C9ABE1F00D53AEC;
					};
				};
			};
			buildConfigurationList = DAAEE14F1C9ABE1F00D53AEC /* Build configuration list for PBXProject "Kairos" */;
			compatibilityVersion = "Xcode 3.2";
			developmentRegion = English;
			hasScannedForEncodings = 0;
			knownRegions = (
				en,
				Base,
			);
			mainGroup = DAAEE14B1C9ABE1F00D53AEC;
			productRefGroup = DAAEE1551C9ABE1F00D53AEC /* Products */;
			projectDirPath = "";
			projectRoot = "";
			targets = (
				DAAEE1531C9ABE1F00D53AEC /* Kairos */,
				DAAEE16A1C9ABE1F00D53AEC /* KairosTests */,
			);
		};
/* End PBXProject section */

/* Begin PBXResourcesBuildPhase section */
		DAAEE1521C9ABE1F00D53AEC /* Resources */ = {
			isa = PBXResourcesBuildPhase;
			buildActionMask = 2147483647;
			files = (
				DAECFECE1DA0578C00D3F724 /* CustomTextFieldTableViewCell.xib in Resources */,
				DA668F3F1CA4AEA000230912 /* InvitationTableViewCell.xib in Resources */,
				DA0A75E11DA68242001881D0 /* Assets.xcassets in Resources */,
				DA3F3ACD1C9AF0D200E82FC6 /* Login.storyboard in Resources */,
				DAF66D2C1CA3EB3700B6062D /* Friends.storyboard in Resources */,
				DA68533D1CE25E5E00B839F6 /* User-Info.plist in Resources */,
				DAC801851CA3334D0092A717 /* Menu.storyboard in Resources */,
				DA7913041CEFCF6E00661753 /* UnfriendTableViewCell.xib in Resources */,
				DADD55E51CA60CE200C44D40 /* UserTableViewCell.xib in Resources */,
				DA847C2A1D14077300ED2750 /* Project.storyboard in Resources */,
				DAC8018C1CA353AF0092A717 /* Board.storyboard in Resources */,
				DAA816601C9C207C00EF1560 /* GoogleService-Info.plist in Resources */,
				DAC801881CA346B70092A717 /* Settings.storyboard in Resources */,
				DA612CB41CA472F90027D7FB /* Profile.storyboard in Resources */,
				DA799DF81D9D0FF0003C27CE /* ProfileImagePickerTableViewCell.xib in Resources */,
				DA7912FE1CEFCDA100661753 /* BlockUserTableViewCell.xib in Resources */,
				DA6853311CE25D6700B839F6 /* SentInvitationTableViewCell.xib in Resources */,
				DAAEE15D1C9ABE1F00D53AEC /* Main.storyboard in Resources */,
				DA5CDDE21D8ACF5000B406A1 /* CollaboratorTableViewCell.xib in Resources */,
				DA851C961CAE99C50025E1D4 /* Calendar.storyboard in Resources */,
				DA668F391CA4A40400230912 /* FriendTableViewCell.xib in Resources */,
			);
			runOnlyForDeploymentPostprocessing = 0;
		};
		DAAEE1691C9ABE1F00D53AEC /* Resources */ = {
			isa = PBXResourcesBuildPhase;
			buildActionMask = 2147483647;
			files = (
			);
			runOnlyForDeploymentPostprocessing = 0;
		};
/* End PBXResourcesBuildPhase section */

/* Begin PBXShellScriptBuildPhase section */
		21FC3ACB3001920526DAB58B /* [CP] Copy Pods Resources */ = {
			isa = PBXShellScriptBuildPhase;
			buildActionMask = 2147483647;
			files = (
			);
			inputPaths = (
			);
			name = "[CP] Copy Pods Resources";
			outputPaths = (
			);
			runOnlyForDeploymentPostprocessing = 0;
			shellPath = /bin/sh;
			shellScript = "\"${SRCROOT}/Pods/Target Support Files/Pods-KairosTests/Pods-KairosTests-resources.sh\"\n";
			showEnvVarsInLog = 0;
		};
		25568E54F9F675EDA1827F6E /* [CP] Check Pods Manifest.lock */ = {
			isa = PBXShellScriptBuildPhase;
			buildActionMask = 2147483647;
			files = (
			);
			inputPaths = (
			);
			name = "[CP] Check Pods Manifest.lock";
			outputPaths = (
			);
			runOnlyForDeploymentPostprocessing = 0;
			shellPath = /bin/sh;
			shellScript = "diff \"${PODS_ROOT}/../Podfile.lock\" \"${PODS_ROOT}/Manifest.lock\" > /dev/null\nif [ $? != 0 ] ; then\n    # print error to STDERR\n    echo \"error: The sandbox is not in sync with the Podfile.lock. Run 'pod install' or update your CocoaPods installation.\" >&2\n    exit 1\nfi\n";
			showEnvVarsInLog = 0;
		};
		38CFA4A662D481B86B32FB9A /* [CP] Check Pods Manifest.lock */ = {
			isa = PBXShellScriptBuildPhase;
			buildActionMask = 2147483647;
			files = (
			);
			inputPaths = (
			);
			name = "[CP] Check Pods Manifest.lock";
			outputPaths = (
			);
			runOnlyForDeploymentPostprocessing = 0;
			shellPath = /bin/sh;
			shellScript = "diff \"${PODS_ROOT}/../Podfile.lock\" \"${PODS_ROOT}/Manifest.lock\" > /dev/null\nif [ $? != 0 ] ; then\n    # print error to STDERR\n    echo \"error: The sandbox is not in sync with the Podfile.lock. Run 'pod install' or update your CocoaPods installation.\" >&2\n    exit 1\nfi\n";
			showEnvVarsInLog = 0;
		};
		74CD662842532C9F17AFF160 /* [CP] Embed Pods Frameworks */ = {
			isa = PBXShellScriptBuildPhase;
			buildActionMask = 2147483647;
			files = (
			);
			inputPaths = (
			);
			name = "[CP] Embed Pods Frameworks";
			outputPaths = (
			);
			runOnlyForDeploymentPostprocessing = 0;
			shellPath = /bin/sh;
			shellScript = "\"${SRCROOT}/Pods/Target Support Files/Pods-KairosTests/Pods-KairosTests-frameworks.sh\"\n";
			showEnvVarsInLog = 0;
		};
		8421FC618494AD75E5ACBC5A /* [CP] Copy Pods Resources */ = {
			isa = PBXShellScriptBuildPhase;
			buildActionMask = 2147483647;
			files = (
			);
			inputPaths = (
			);
			name = "[CP] Copy Pods Resources";
			outputPaths = (
			);
			runOnlyForDeploymentPostprocessing = 0;
			shellPath = /bin/sh;
			shellScript = "\"${SRCROOT}/Pods/Target Support Files/Pods-Kairos/Pods-Kairos-resources.sh\"\n";
			showEnvVarsInLog = 0;
		};
		D62DF5E524B602B93EF38A10 /* [CP] Embed Pods Frameworks */ = {
			isa = PBXShellScriptBuildPhase;
			buildActionMask = 2147483647;
			files = (
			);
			inputPaths = (
			);
			name = "[CP] Embed Pods Frameworks";
			outputPaths = (
			);
			runOnlyForDeploymentPostprocessing = 0;
			shellPath = /bin/sh;
			shellScript = "\"${SRCROOT}/Pods/Target Support Files/Pods-Kairos/Pods-Kairos-frameworks.sh\"\n";
			showEnvVarsInLog = 0;
		};
		DA5F47171CA5AC4C00A37960 /* Run Script */ = {
			isa = PBXShellScriptBuildPhase;
			buildActionMask = 2147483647;
			files = (
			);
			inputPaths = (
			);
			name = "Run Script";
			outputPaths = (
			);
			runOnlyForDeploymentPostprocessing = 0;
			shellPath = /bin/sh;
			shellScript = "\"${PODS_ROOT}/Fabric/run\" ab6f32fef9d21dbe778918eb4bcc7b6647e58612 4591898d12697d6c5a850c4ee05b7dae93c6c936a21d7b8f14632de55c8fbd0d";
		};
/* End PBXShellScriptBuildPhase section */

/* Begin PBXSourcesBuildPhase section */
		DAAEE1501C9ABE1F00D53AEC /* Sources */ = {
			isa = PBXSourcesBuildPhase;
			buildActionMask = 2147483647;
			files = (
				DA3F3ACF1C9AFC2A00E82FC6 /* Common.swift in Sources */,
				DA52AAE31CD7EC5900464096 /* EventTableViewController.swift in Sources */,
				DAAEE1581C9ABE1F00D53AEC /* AppDelegate.swift in Sources */,
				DA7912FD1CEFCDA100661753 /* BlockUserTableViewCell.swift in Sources */,
				DA7913031CEFCF6E00661753 /* UnfriendTableViewCell.swift in Sources */,
				DA11A9F81D9872D400218FF3 /* ModalSearchSegue.swift in Sources */,
				DA6853301CE25D6700B839F6 /* SentInvitationTableViewCell.swift in Sources */,
				DAA2D4791DA3079700D5E6A7 /* AddFriendsTableViewController.swift in Sources */,
				DA18745D1CDB73BE008E7C38 /* EventEndDateTableViewCell.swift in Sources */,
				DA6853331CE25E2400B839F6 /* UserManager.swift in Sources */,
				DA3603C71CC26DA000A89B5A /* EventDetailsTableViewController.swift in Sources */,
				DA6853461CE260C200B839F6 /* Kairos.xcdatamodeld in Sources */,
				DA7912F91CEFCBF800661753 /* FriendActionPopoverTableViewController.swift in Sources */,
				DA68533F1CE25E5E00B839F6 /* Event.swift in Sources */,
				DA11A9F61D986A6700218FF3 /* RequestManager.swift in Sources */,
				DADC45DC1D9FB69E003CC4D1 /* AccountSecurityTableViewController.swift in Sources */,
				DA18745F1CDB78A9008E7C38 /* EventNotesTableViewCell.swift in Sources */,
				DAF66D311CA4028800B6062D /* MenuTableViewController.swift in Sources */,
				DAE097741C9DF0FA00D6B462 /* DefinePasswordViewController.swift in Sources */,
				DA5CDDE41D8AD6FB00B406A1 /* CalendarNameTableViewCell.swift in Sources */,
				DA668F3B1CA4AD7800230912 /* FriendsRequestsTableViewController.swift in Sources */,
				DA6853431CE25E5E00B839F6 /* Friend.swift in Sources */,
				DA1874611CDB8029008E7C38 /* BaseEventTableViewCell.swift in Sources */,
				DA8326301CE3CCFF00C09F31 /* DataSync.swift in Sources */,
				DA8358C71CAB18A400CC9B29 /* CalendarViewController.swift in Sources */,
				DA3603C31CC26C4700A89B5A /* EventCalendarTableViewCell.swift in Sources */,
				DA31B7741D9514D9004D5E81 /* CalendarEditTableViewController.swift in Sources */,
				DA1E11FF1D78440E0068207F /* SignOutViewController.swift in Sources */,
				DA1D4BE31D841F7E00B11AD1 /* CalendarTableViewController.swift in Sources */,
				DADC45DE1D9FBD0D003CC4D1 /* ChangeEmailViewController.swift in Sources */,
				DA68533E1CE25E5E00B839F6 /* Plist.swift in Sources */,
				DA1874591CDB738B008E7C38 /* EventLocationTableViewCell.swift in Sources */,
				DA8CA94E1D8CA295007E40FF /* UserEvent.swift in Sources */,
				DA3F3AD31C9B022F00E82FC6 /* SignInViewController.swift in Sources */,
				DA8CA94B1D8CA295007E40FF /* UserCalendar.swift in Sources */,
				DAD51B941D982CF000A20376 /* Extentions+Former.swift in Sources */,
				DA1874571CDB7375008E7C38 /* EventTitleTableViewCell.swift in Sources */,
				DADF545B1D932C5100D0E092 /* ProfileTableViewController.swift in Sources */,
				DA3603C11CC26C3300A89B5A /* EventInfosTableViewCell.swift in Sources */,
				DA612CB81CA48B060027D7FB /* FriendsViewController.swift in Sources */,
				DA668F381CA4A40400230912 /* FriendTableViewCell.swift in Sources */,
				DADC45E01D9FBE0A003CC4D1 /* ChangePasswordViewController.swift in Sources */,
				DA1D4BE11D84111C00B11AD1 /* CalendarFilterTableViewController.swift in Sources */,
				DA3603C51CC26C5A00A89B5A /* EventDescriptionTableViewCell.swift in Sources */,
				DAE380CE1CB2F5B3002DB874 /* EventTableViewCell.swift in Sources */,
				DA799DF71D9D0FF0003C27CE /* ProfileImagePickerTableViewCell.swift in Sources */,
				DA3F3ACB1C9AEA5200E82FC6 /* LoadingViewController.swift in Sources */,
				DA3F3AD51C9B037600E82FC6 /* GetStartedViewController.swift in Sources */,
				DAECFECD1DA0578C00D3F724 /* CustomTextFieldTableViewCell.swift in Sources */,
				DA3F3AD11C9B022400E82FC6 /* SignUpViewController.swift in Sources */,
				DA6853481CE2707600B839F6 /* RouterWrapper.swift in Sources */,
				DA6853421CE25E5E00B839F6 /* Owner.swift in Sources */,
				DAC801821CA1F0330092A717 /* SpinnerManager.swift in Sources */,
				DA1E12011D784AC90068207F /* EditProfileViewController.swift in Sources */,
				DA668F3E1CA4AEA000230912 /* InvitationTableViewCell.swift in Sources */,
				DADD55E41CA60CE200C44D40 /* UserTableViewCell.swift in Sources */,
				DA6853411CE25E5E00B839F6 /* User.swift in Sources */,
				DA18745B1CDB73AF008E7C38 /* EventStartDateTableViewCell.swift in Sources */,
				DAEE7CBB1CA49A580019C8D4 /* FriendsTableViewController.swift in Sources */,
				DAA6B6B71D99CAD600D68016 /* CompleteProfileViewController.swift in Sources */,
				DA23E6E71D76EBCE00B9D403 /* EventCalendarTableViewController.swift in Sources */,
				DA0019061D9FEDEC00CA11F5 /* FriendManager.swift in Sources */,
				DA5CDDE11D8ACF5000B406A1 /* CollaboratorTableViewCell.swift in Sources */,
				DA6853401CE25E5E00B839F6 /* Calendar.swift in Sources */,
				DA5CDDE81D8ADB0600B406A1 /* BaseCalendarTableViewCell.swift in Sources */,
				DA5CDDE61D8AD94100B406A1 /* CalendarDeleteTableViewCell.swift in Sources */,
			);
			runOnlyForDeploymentPostprocessing = 0;
		};
		DAAEE1671C9ABE1F00D53AEC /* Sources */ = {
			isa = PBXSourcesBuildPhase;
			buildActionMask = 2147483647;
			files = (
				DAAEE1701C9ABE1F00D53AEC /* KairosTests.swift in Sources */,
			);
			runOnlyForDeploymentPostprocessing = 0;
		};
/* End PBXSourcesBuildPhase section */

/* Begin PBXTargetDependency section */
		DAAEE16D1C9ABE1F00D53AEC /* PBXTargetDependency */ = {
			isa = PBXTargetDependency;
			target = DAAEE1531C9ABE1F00D53AEC /* Kairos */;
			targetProxy = DAAEE16C1C9ABE1F00D53AEC /* PBXContainerItemProxy */;
		};
/* End PBXTargetDependency section */

/* Begin PBXVariantGroup section */
		DAAEE15B1C9ABE1F00D53AEC /* Main.storyboard */ = {
			isa = PBXVariantGroup;
			children = (
				DAAEE15C1C9ABE1F00D53AEC /* Base */,
			);
			name = Main.storyboard;
			sourceTree = "<group>";
		};
/* End PBXVariantGroup section */

/* Begin XCBuildConfiguration section */
		DAAEE1721C9ABE1F00D53AEC /* Debug */ = {
			isa = XCBuildConfiguration;
			buildSettings = {
				ALWAYS_SEARCH_USER_PATHS = NO;
				CLANG_CXX_LANGUAGE_STANDARD = "gnu++0x";
				CLANG_CXX_LIBRARY = "libc++";
				CLANG_ENABLE_MODULES = YES;
				CLANG_ENABLE_OBJC_ARC = YES;
				CLANG_WARN_BOOL_CONVERSION = YES;
				CLANG_WARN_CONSTANT_CONVERSION = YES;
				CLANG_WARN_DIRECT_OBJC_ISA_USAGE = YES_ERROR;
				CLANG_WARN_EMPTY_BODY = YES;
				CLANG_WARN_ENUM_CONVERSION = YES;
				CLANG_WARN_INT_CONVERSION = YES;
				CLANG_WARN_OBJC_ROOT_CLASS = YES_ERROR;
				CLANG_WARN_UNREACHABLE_CODE = YES;
				CLANG_WARN__DUPLICATE_METHOD_MATCH = YES;
				CODE_SIGN_IDENTITY = "";
				"CODE_SIGN_IDENTITY[sdk=iphoneos*]" = "iPhone Developer";
				COPY_PHASE_STRIP = NO;
				DEBUG_INFORMATION_FORMAT = dwarf;
				ENABLE_BITCODE = NO;
				ENABLE_STRICT_OBJC_MSGSEND = YES;
				ENABLE_TESTABILITY = YES;
				GCC_C_LANGUAGE_STANDARD = gnu99;
				GCC_DYNAMIC_NO_PIC = NO;
				GCC_NO_COMMON_BLOCKS = YES;
				GCC_OPTIMIZATION_LEVEL = 0;
				GCC_PREPROCESSOR_DEFINITIONS = (
					"DEBUG=1",
					"$(inherited)",
				);
				GCC_WARN_64_TO_32_BIT_CONVERSION = YES;
				GCC_WARN_ABOUT_RETURN_TYPE = YES_ERROR;
				GCC_WARN_UNDECLARED_SELECTOR = YES;
				GCC_WARN_UNINITIALIZED_AUTOS = YES_AGGRESSIVE;
				GCC_WARN_UNUSED_FUNCTION = YES;
				GCC_WARN_UNUSED_VARIABLE = YES;
				IPHONEOS_DEPLOYMENT_TARGET = 9.0;
				MTL_ENABLE_DEBUG_INFO = YES;
				ONLY_ACTIVE_ARCH = YES;
				SDKROOT = iphoneos;
				SWIFT_OPTIMIZATION_LEVEL = "-Onone";
				SWIFT_VERSION = 2.3;
			};
			name = Debug;
		};
		DAAEE1731C9ABE1F00D53AEC /* Release */ = {
			isa = XCBuildConfiguration;
			buildSettings = {
				ALWAYS_SEARCH_USER_PATHS = NO;
				CLANG_CXX_LANGUAGE_STANDARD = "gnu++0x";
				CLANG_CXX_LIBRARY = "libc++";
				CLANG_ENABLE_MODULES = YES;
				CLANG_ENABLE_OBJC_ARC = YES;
				CLANG_WARN_BOOL_CONVERSION = YES;
				CLANG_WARN_CONSTANT_CONVERSION = YES;
				CLANG_WARN_DIRECT_OBJC_ISA_USAGE = YES_ERROR;
				CLANG_WARN_EMPTY_BODY = YES;
				CLANG_WARN_ENUM_CONVERSION = YES;
				CLANG_WARN_INT_CONVERSION = YES;
				CLANG_WARN_OBJC_ROOT_CLASS = YES_ERROR;
				CLANG_WARN_UNREACHABLE_CODE = YES;
				CLANG_WARN__DUPLICATE_METHOD_MATCH = YES;
				CODE_SIGN_IDENTITY = "";
				"CODE_SIGN_IDENTITY[sdk=iphoneos*]" = "iPhone Developer";
				COPY_PHASE_STRIP = NO;
				DEBUG_INFORMATION_FORMAT = "dwarf-with-dsym";
				ENABLE_BITCODE = NO;
				ENABLE_NS_ASSERTIONS = NO;
				ENABLE_STRICT_OBJC_MSGSEND = YES;
				GCC_C_LANGUAGE_STANDARD = gnu99;
				GCC_NO_COMMON_BLOCKS = YES;
				GCC_WARN_64_TO_32_BIT_CONVERSION = YES;
				GCC_WARN_ABOUT_RETURN_TYPE = YES_ERROR;
				GCC_WARN_UNDECLARED_SELECTOR = YES;
				GCC_WARN_UNINITIALIZED_AUTOS = YES_AGGRESSIVE;
				GCC_WARN_UNUSED_FUNCTION = YES;
				GCC_WARN_UNUSED_VARIABLE = YES;
				IPHONEOS_DEPLOYMENT_TARGET = 9.0;
				MTL_ENABLE_DEBUG_INFO = NO;
				SDKROOT = iphoneos;
				SWIFT_VERSION = 2.3;
				VALIDATE_PRODUCT = YES;
			};
			name = Release;
		};
		DAAEE1751C9ABE1F00D53AEC /* Debug */ = {
			isa = XCBuildConfiguration;
			baseConfigurationReference = 3223CBE69C2D58368F9D6CD2 /* Pods-Kairos.debug.xcconfig */;
			buildSettings = {
				ASSETCATALOG_COMPILER_APPICON_NAME = AppIcon;
				CLANG_ENABLE_MODULES = YES;
				CODE_SIGN_IDENTITY = "iPhone Developer";
				"CODE_SIGN_IDENTITY[sdk=iphoneos*]" = "iPhone Developer";
				ENABLE_BITCODE = NO;
				INFOPLIST_FILE = Kairos/Info.plist;
				LD_RUNPATH_SEARCH_PATHS = "$(inherited) @executable_path/Frameworks";
				PRODUCT_BUNDLE_IDENTIFIER = "com.kairos-app.Kairos";
				PRODUCT_NAME = "$(TARGET_NAME)";
				PROVISIONING_PROFILE = "";
				SWIFT_OBJC_BRIDGING_HEADER = "Kairos/Kairos-Bridging-Header.h";
				SWIFT_OPTIMIZATION_LEVEL = "-Onone";
				SWIFT_VERSION = 2.3;
			};
			name = Debug;
		};
		DAAEE1761C9ABE1F00D53AEC /* Release */ = {
			isa = XCBuildConfiguration;
			baseConfigurationReference = 478919BFCC2BBB3FC57340F6 /* Pods-Kairos.release.xcconfig */;
			buildSettings = {
				ASSETCATALOG_COMPILER_APPICON_NAME = AppIcon;
				CLANG_ENABLE_MODULES = YES;
				CODE_SIGN_IDENTITY = "iPhone Developer";
				"CODE_SIGN_IDENTITY[sdk=iphoneos*]" = "iPhone Developer";
				ENABLE_BITCODE = NO;
				INFOPLIST_FILE = Kairos/Info.plist;
				LD_RUNPATH_SEARCH_PATHS = "$(inherited) @executable_path/Frameworks";
				PRODUCT_BUNDLE_IDENTIFIER = "com.kairos-app.Kairos";
				PRODUCT_NAME = "$(TARGET_NAME)";
				PROVISIONING_PROFILE = "";
				SWIFT_OBJC_BRIDGING_HEADER = "Kairos/Kairos-Bridging-Header.h";
				SWIFT_VERSION = 2.3;
			};
			name = Release;
		};
		DAAEE1781C9ABE1F00D53AEC /* Debug */ = {
			isa = XCBuildConfiguration;
			baseConfigurationReference = 12D6BC32167E329CCB833231 /* Pods-KairosTests.debug.xcconfig */;
			buildSettings = {
				BUNDLE_LOADER = "$(TEST_HOST)";
				INFOPLIST_FILE = KairosTests/Info.plist;
				LD_RUNPATH_SEARCH_PATHS = "$(inherited) @executable_path/Frameworks @loader_path/Frameworks";
				PRODUCT_BUNDLE_IDENTIFIER = "com.kairos-app.KairosTests";
				PRODUCT_NAME = "$(TARGET_NAME)";
				SWIFT_VERSION = 2.3;
				TEST_HOST = "$(BUILT_PRODUCTS_DIR)/Kairos.app/Kairos";
			};
			name = Debug;
		};
		DAAEE1791C9ABE1F00D53AEC /* Release */ = {
			isa = XCBuildConfiguration;
			baseConfigurationReference = CA9F71EE2164C082689D74FB /* Pods-KairosTests.release.xcconfig */;
			buildSettings = {
				BUNDLE_LOADER = "$(TEST_HOST)";
				INFOPLIST_FILE = KairosTests/Info.plist;
				LD_RUNPATH_SEARCH_PATHS = "$(inherited) @executable_path/Frameworks @loader_path/Frameworks";
				PRODUCT_BUNDLE_IDENTIFIER = "com.kairos-app.KairosTests";
				PRODUCT_NAME = "$(TARGET_NAME)";
				SWIFT_VERSION = 2.3;
				TEST_HOST = "$(BUILT_PRODUCTS_DIR)/Kairos.app/Kairos";
			};
			name = Release;
		};
/* End XCBuildConfiguration section */

/* Begin XCConfigurationList section */
		DAAEE14F1C9ABE1F00D53AEC /* Build configuration list for PBXProject "Kairos" */ = {
			isa = XCConfigurationList;
			buildConfigurations = (
				DAAEE1721C9ABE1F00D53AEC /* Debug */,
				DAAEE1731C9ABE1F00D53AEC /* Release */,
			);
			defaultConfigurationIsVisible = 0;
			defaultConfigurationName = Release;
		};
		DAAEE1741C9ABE1F00D53AEC /* Build configuration list for PBXNativeTarget "Kairos" */ = {
			isa = XCConfigurationList;
			buildConfigurations = (
				DAAEE1751C9ABE1F00D53AEC /* Debug */,
				DAAEE1761C9ABE1F00D53AEC /* Release */,
			);
			defaultConfigurationIsVisible = 0;
			defaultConfigurationName = Release;
		};
		DAAEE1771C9ABE1F00D53AEC /* Build configuration list for PBXNativeTarget "KairosTests" */ = {
			isa = XCConfigurationList;
			buildConfigurations = (
				DAAEE1781C9ABE1F00D53AEC /* Debug */,
				DAAEE1791C9ABE1F00D53AEC /* Release */,
			);
			defaultConfigurationIsVisible = 0;
			defaultConfigurationName = Release;
		};
/* End XCConfigurationList section */

/* Begin XCVersionGroup section */
		DA6853441CE260C200B839F6 /* Kairos.xcdatamodeld */ = {
			isa = XCVersionGroup;
			children = (
				DA6853451CE260C200B839F6 /* Kairos.xcdatamodel */,
			);
			currentVersion = DA6853451CE260C200B839F6 /* Kairos.xcdatamodel */;
			path = Kairos.xcdatamodeld;
			sourceTree = "<group>";
			versionGroupType = wrapper.xcdatamodel;
		};
/* End XCVersionGroup section */
	};
	rootObject = DAAEE14C1C9ABE1F00D53AEC /* Project object */;
}
